<?xml version="1.0" encoding="utf-8"?>
<Project ToolsVersion="4.0" xmlns="http://schemas.microsoft.com/developer/msbuild/2003">
  <ItemGroup>
    <Filter Include="Generated Files">
      <UniqueIdentifier>{71ED8ED8-ACB9-4CE9-BBE1-E00B30144E11}</UniqueIdentifier>
      <Extensions>cpp;c;cxx;moc;h;def;odl;idl;res;</Extensions>
    </Filter>
    <Filter Include="Generated Files">
      <UniqueIdentifier>{71ED8ED8-ACB9-4CE9-BBE1-E00B30144E11}</UniqueIdentifier>
      <Extensions>cpp;c;cxx;moc;h;def;odl;idl;res;</Extensions>
    </Filter>
    <Filter Include="Header Files">
      <UniqueIdentifier>{93995380-89BD-4b04-88EB-625FBE52EBFB}</UniqueIdentifier>
      <Extensions>h;hpp;hxx;hm;inl;inc;xsd</Extensions>
    </Filter>
    <Filter Include="Header Files">
      <UniqueIdentifier>{93995380-89BD-4b04-88EB-625FBE52EBFB}</UniqueIdentifier>
      <Extensions>h;hpp;hxx;hm;inl;inc;xsd</Extensions>
    </Filter>
    <Filter Include="Resource Files">
      <UniqueIdentifier>{D9D6E242-F8AF-46E4-B9FD-80ECBC20BA3E}</UniqueIdentifier>
      <Extensions>qrc;*</Extensions>
      <ParseFiles>false</ParseFiles>
    </Filter>
    <Filter Include="Resource Files">
      <UniqueIdentifier>{D9D6E242-F8AF-46E4-B9FD-80ECBC20BA3E}</UniqueIdentifier>
      <Extensions>qrc;*</Extensions>
      <ParseFiles>false</ParseFiles>
    </Filter>
    <Filter Include="Source Files">
      <UniqueIdentifier>{4FC737F1-C7A5-4376-A066-2A32D752A2FF}</UniqueIdentifier>
      <Extensions>cpp;c;cxx;def;odl;idl;hpj;bat;asm;asmx</Extensions>
    </Filter>
    <Filter Include="Source Files">
      <UniqueIdentifier>{4FC737F1-C7A5-4376-A066-2A32D752A2FF}</UniqueIdentifier>
      <Extensions>cpp;c;cxx;def;odl;idl;hpj;bat;asm;asmx</Extensions>
    </Filter>
    <Filter Include="Generated Files\Release">
      <UniqueIdentifier>{db3aa508-fdc5-4589-9c3f-9ce355533e6a}</UniqueIdentifier>
      <Extensions>cpp;moc</Extensions>
      <SourceControlFiles>False</SourceControlFiles>
    </Filter>
    <Filter Include="Generated Files\Debug">
      <UniqueIdentifier>{808b7e23-2ba7-40f8-b7be-0f09e074a158}</UniqueIdentifier>
      <Extensions>cpp;moc</Extensions>
      <SourceControlFiles>False</SourceControlFiles>
    </Filter>
  </ItemGroup>
  <ItemGroup>
    <ClCompile Include="..\..\include\genie2_netgear\INetgearInterface.cpp">
      <Filter>Source Files</Filter>
    </ClCompile>
    <ClCompile Include="src\usages\QGenieAllSingletonClasses.cpp">
      <Filter>Source Files</Filter>
    </ClCompile>
    <ClCompile Include="src\interface2\QGenieHandlerInf.cpp">
      <Filter>Source Files</Filter>
    </ClCompile>
    <ClCompile Include="..\..\include\genie2_interface\QGenieIface2ShareObject.cpp">
      <Filter>Source Files</Filter>
    </ClCompile>
    <ClCompile Include="src\interface2\QGenieInterface2Helper.cpp">
      <Filter>Source Files</Filter>
    </ClCompile>
    <ClCompile Include="src\interface2\QGenieInterface2LanguageManager.cpp">
      <Filter>Source Files</Filter>
    </ClCompile>
    <ClCompile Include="src\interface2\QGenieInterface2LogManager.cpp">
      <Filter>Source Files</Filter>
    </ClCompile>
    <ClCompile Include="src\interface2\QGenieInterface2SubscribedMessageManager.cpp">
      <Filter>Source Files</Filter>
    </ClCompile>
    <ClCompile Include="src\launch_interface\QGenieLaunchInf.cpp">
      <Filter>Source Files</Filter>
    </ClCompile>
    <ClCompile Include="..\..\include\genie2_netgear\QGenieNetgearInfoThread.cpp">
      <Filter>Source Files</Filter>
    </ClCompile>
    <ClCompile Include="..\..\include\genie2_netgear\QGenieNetgearInterface.cpp">
      <Filter>Source Files</Filter>
    </ClCompile>
    <ClCompile Include="..\..\include\genie2_settings\QGenieSettingHelper.cpp">
      <Filter>Source Files</Filter>
    </ClCompile>
    <ClCompile Include="..\..\include\genie2_settings\QGenieSettings.cpp">
      <Filter>Source Files</Filter>
    </ClCompile>
    <ClCompile Include="src\genie2_singlestart\QGenieSingleProcessHandler.cpp">
      <Filter>Source Files</Filter>
    </ClCompile>
    <ClCompile Include="..\..\include\genie2_netgear\QGenieSmartnetworkThread.cpp">
      <Filter>Source Files</Filter>
    </ClCompile>
    <ClCompile Include="src\genie2_singlestart\QGenieWatchDog.cpp">
      <Filter>Source Files</Filter>
    </ClCompile>
    <ClCompile Include="src\genie2_singlestart\QLaunchSemaphore.cpp">
      <Filter>Source Files</Filter>
    </ClCompile>
    <ClCompile Include="Release\moc_INetgearInterface.cpp">
      <Filter>Generated Files\Release</Filter>
    </ClCompile>
    <ClCompile Include="Debug\moc_INetgearInterface.cpp">
      <Filter>Generated Files\Debug</Filter>
    </ClCompile>
    <ClCompile Include="Release\moc_QGenieIface2ShareObject.cpp">
      <Filter>Generated Files\Release</Filter>
    </ClCompile>
    <ClCompile Include="Debug\moc_QGenieIface2ShareObject.cpp">
      <Filter>Generated Files\Debug</Filter>
    </ClCompile>
    <ClCompile Include="Release\moc_QGenieInterface2Helper.cpp">
      <Filter>Generated Files\Release</Filter>
    </ClCompile>
    <ClCompile Include="Debug\moc_QGenieInterface2Helper.cpp">
      <Filter>Generated Files\Debug</Filter>
    </ClCompile>
    <ClCompile Include="Release\moc_QGenieInterface2LanguageManager.cpp">
      <Filter>Generated Files\Release</Filter>
    </ClCompile>
    <ClCompile Include="Debug\moc_QGenieInterface2LanguageManager.cpp">
      <Filter>Generated Files\Debug</Filter>
    </ClCompile>
    <ClCompile Include="Release\moc_QGenieInterface2LogManager.cpp">
      <Filter>Generated Files\Release</Filter>
    </ClCompile>
    <ClCompile Include="Debug\moc_QGenieInterface2LogManager.cpp">
      <Filter>Generated Files\Debug</Filter>
    </ClCompile>
    <ClCompile Include="Release\moc_QGenieLaunchInf.cpp">
      <Filter>Generated Files\Release</Filter>
    </ClCompile>
    <ClCompile Include="Debug\moc_QGenieLaunchInf.cpp">
      <Filter>Generated Files\Debug</Filter>
    </ClCompile>
    <ClCompile Include="Release\moc_QGenieNetgearInterface.cpp">
      <Filter>Generated Files\Release</Filter>
    </ClCompile>
    <ClCompile Include="Debug\moc_QGenieNetgearInterface.cpp">
      <Filter>Generated Files\Debug</Filter>
    </ClCompile>
    <ClCompile Include="Release\moc_QGenieSingleProcessHandler.cpp">
      <Filter>Generated Files\Release</Filter>
    </ClCompile>
    <ClCompile Include="Debug\moc_QGenieSingleProcessHandler.cpp">
      <Filter>Generated Files\Debug</Filter>
    </ClCompile>
    <ClCompile Include="Release\moc_QGenieSmartnetworkThread.cpp">
      <Filter>Generated Files\Release</Filter>
    </ClCompile>
    <ClCompile Include="Debug\moc_QGenieSmartnetworkThread.cpp">
      <Filter>Generated Files\Debug</Filter>
    </ClCompile>
    <ClCompile Include="Release\moc_QGenieWatchDog.cpp">
      <Filter>Generated Files\Release</Filter>
    </ClCompile>
    <ClCompile Include="Debug\moc_QGenieWatchDog.cpp">
      <Filter>Generated Files\Debug</Filter>
    </ClCompile>
    <ClCompile Include="GeneratedFiles\qrc_images_splash.cpp">
      <Filter>Generated Files</Filter>
    </ClCompile>
  </ItemGroup>
  <ItemGroup>
    <ClInclude Include="..\..\include\genie2_interface\IHandlerInf.h">
      <Filter>Header Files</Filter>
    </ClInclude>
    <CustomBuild Include="..\..\include\genie2_netgear\INetgearInterface.h">
      <Filter>Header Files</Filter>
    </CustomBuild>
    <ClInclude Include="..\..\include\genie2_interface\IPluginInf2.h">
      <Filter>Header Files</Filter>
    </ClInclude>
    <ClInclude Include="src\usages\QGenieAllSingletonClasses.h">
      <Filter>Header Files</Filter>
    </ClInclude>
    <ClInclude Include="src\interface2\QGenieHandlerInf.h">
      <Filter>Header Files</Filter>
    </ClInclude>
    <CustomBuild Include="..\..\include\genie2_interface\QGenieIface2ShareObject.h">
      <Filter>Header Files</Filter>
    </CustomBuild>
    <CustomBuild Include="src\interface2\QGenieInterface2Helper.h">
      <Filter>Header Files</Filter>
    </CustomBuild>
    <CustomBuild Include="src\interface2\QGenieInterface2LanguageManager.h">
      <Filter>Header Files</Filter>
    </CustomBuild>
    <CustomBuild Include="src\interface2\QGenieInterface2LogManager.h">
      <Filter>Header Files</Filter>
    </CustomBuild>
    <ClInclude Include="src\interface2\QGenieInterface2SubscribedMessageManager.h">
      <Filter>Header Files</Filter>
    </ClInclude>
    <CustomBuild Include="src\launch_interface\QGenieLaunchInf.h">
      <Filter>Header Files</Filter>
    </CustomBuild>
    <ClInclude Include="..\..\include\genie2_netgear\QGenieNetgearInfoThread.h">
      <Filter>Header Files</Filter>
    </ClInclude>
    <CustomBuild Include="..\..\include\genie2_netgear\QGenieNetgearInterface.h">
      <Filter>Header Files</Filter>
    </CustomBuild>
    <ClInclude Include="..\..\include\genie2_settings\QGenieSettingHelper.h">
      <Filter>Header Files</Filter>
    </ClInclude>
    <ClInclude Include="..\..\include\genie2_settings\QGenieSettings.h">
      <Filter>Header Files</Filter>
    </ClInclude>
    <CustomBuild Include="src\genie2_singlestart\QGenieSingleProcessHandler.h">
      <Filter>Header Files</Filter>
    </CustomBuild>
    <CustomBuild Include="..\..\include\genie2_netgear\QGenieSmartnetworkThread.h">
      <Filter>Header Files</Filter>
    </CustomBuild>
    <CustomBuild Include="src\genie2_singlestart\QGenieWatchDog.h">
      <Filter>Header Files</Filter>
    </CustomBuild>
    <ClInclude Include="src\genie2_singlestart\QLaunchSemaphore.h">
      <Filter>Header Files</Filter>
    </ClInclude>
    <ClInclude Include="src\genie2_singlestart\SingleInstance.h">
      <Filter>Header Files</Filter>
    </ClInclude>
    <ClInclude Include="src\inc\Singleton.h">
      <Filter>Header Files</Filter>
    </ClInclude>
    <ClInclude Include="..\SvtNetworkTool\SvtNetworkTool.h">
      <Filter>Header Files</Filter>
    </ClInclude>
    <ClInclude Include="..\..\include\genie2_interface\genie2_interface.h">
      <Filter>Header Files</Filter>
    </ClInclude>
    <ClInclude Include="..\..\include\genie2_interface\genie2_plugincommunication.h">
      <Filter>Header Files</Filter>
    </ClInclude>
    <ClInclude Include="..\..\include\genie2_settings\genie2_settings.h">
      <Filter>Header Files</Filter>
    </ClInclude>
    <ClInclude Include="src\genie2_singlestart\genie2_singlestart.h">
      <Filter>Header Files</Filter>
    </ClInclude>
    <ClInclude Include="..\..\include\genie2_interface\inner_macros.h">
      <Filter>Header Files</Filter>
    </ClInclude>
    <ClInclude Include="..\..\include\genie2_interface\interface2_cmds.h">
      <Filter>Header Files</Filter>
    </ClInclude>
    <ClInclude Include="..\..\include\genie2_interface\interface2_macros.h">
      <Filter>Header Files</Filter>
    </ClInclude>
    <ClInclude Include="..\..\include\genie2_interface\interface2_settings.h">
      <Filter>Header Files</Filter>
    </ClInclude>
    <ClInclude Include="src\inc\stable.h">
      <Filter>Header Files</Filter>
    </ClInclude>
  </ItemGroup>
  <ItemGroup>
    <CustomBuild Include="images\images_splash.qrc">
      <Filter>Resource Files</Filter>
    </CustomBuild>
    <None Include="images\splash.png">
      <Filter>Resource Files</Filter>
    </None>
  </ItemGroup>
</Project>