<?xml version="1.0" encoding="utf-8"?>
<Project ToolsVersion="4.0" xmlns="http://schemas.microsoft.com/developer/msbuild/2003">
  <ItemGroup>
    <Filter Include="Generated Files">
      <UniqueIdentifier>{71ED8ED8-ACB9-4CE9-BBE1-E00B30144E11}</UniqueIdentifier>
      <Extensions>cpp;c;cxx;moc;h;def;odl;idl;res;</Extensions>
    </Filter>
    <Filter Include="Generated Files">
      <UniqueIdentifier>{71ED8ED8-ACB9-4CE9-BBE1-E00B30144E11}</UniqueIdentifier>
      <Extensions>cpp;c;cxx;moc;h;def;odl;idl;res;</Extensions>
    </Filter>
    <Filter Include="Header Files">
      <UniqueIdentifier>{93995380-89BD-4b04-88EB-625FBE52EBFB}</UniqueIdentifier>
      <Extensions>h;hpp;hxx;hm;inl;inc;xsd</Extensions>
    </Filter>
    <Filter Include="Header Files">
      <UniqueIdentifier>{93995380-89BD-4b04-88EB-625FBE52EBFB}</UniqueIdentifier>
      <Extensions>h;hpp;hxx;hm;inl;inc;xsd</Extensions>
    </Filter>
    <Filter Include="Source Files">
      <UniqueIdentifier>{4FC737F1-C7A5-4376-A066-2A32D752A2FF}</UniqueIdentifier>
      <Extensions>cpp;c;cxx;def;odl;idl;hpj;bat;asm;asmx</Extensions>
    </Filter>
    <Filter Include="Source Files">
      <UniqueIdentifier>{4FC737F1-C7A5-4376-A066-2A32D752A2FF}</UniqueIdentifier>
      <Extensions>cpp;c;cxx;def;odl;idl;hpj;bat;asm;asmx</Extensions>
    </Filter>
    <Filter Include="Generated Files\Release">
      <UniqueIdentifier>{01e43fd2-2e8e-4d54-a994-5d5ddc90801d}</UniqueIdentifier>
      <Extensions>cpp;moc</Extensions>
      <SourceControlFiles>False</SourceControlFiles>
    </Filter>
    <Filter Include="Generated Files\Debug">
      <UniqueIdentifier>{2f4636d1-adb4-44e8-9d57-d466280491fd}</UniqueIdentifier>
      <Extensions>cpp;moc</Extensions>
      <SourceControlFiles>False</SourceControlFiles>
    </Filter>
  </ItemGroup>
  <ItemGroup>
    <ClCompile Include="ReadyShare\GenieHttp.cpp">
      <Filter>Source Files</Filter>
    </ClCompile>
    <ClCompile Include="GeniePlugin_RouterConfiguration.cpp">
      <Filter>Source Files</Filter>
    </ClCompile>
    <ClCompile Include="..\..\include\genie2_netgear\INetgearInterface.cpp">
      <Filter>Source Files</Filter>
    </ClCompile>
    <ClCompile Include="src\QGenieDelayProcessLogic.cpp">
      <Filter>Source Files</Filter>
    </ClCompile>
    <ClCompile Include="src\QGenieFupdateObject.cpp">
      <Filter>Source Files</Filter>
    </ClCompile>
    <ClCompile Include="src\QGenieGaccObject.cpp">
      <Filter>Source Files</Filter>
    </ClCompile>
    <ClCompile Include="..\..\include\genie2_interface\QGenieIface2ShareObject.cpp">
      <Filter>Source Files</Filter>
    </ClCompile>
    <ClCompile Include="src\QGenieQRCodeManager.cpp">
      <Filter>Source Files</Filter>
    </ClCompile>
    <ClCompile Include="src\QGenieRCLackDataGetter.cpp">
      <Filter>Source Files</Filter>
    </ClCompile>
    <ClCompile Include="src\QGenieRCTopologyObject.cpp">
      <Filter>Source Files</Filter>
    </ClCompile>
    <ClCompile Include="src\QGenieRCWirelessObject.cpp">
      <Filter>Source Files</Filter>
    </ClCompile>
    <ClCompile Include="ReadyShare\QGenieRSBasic.cpp">
      <Filter>Source Files</Filter>
    </ClCompile>
    <ClCompile Include="ReadyShare\QGenieRSManager.cpp">
      <Filter>Source Files</Filter>
    </ClCompile>
    <ClCompile Include="ReadyShare\QGenieRSPrint.cpp">
      <Filter>Source Files</Filter>
    </ClCompile>
    <ClCompile Include="ReadyShare\QGenieRSRemote.cpp">
      <Filter>Source Files</Filter>
    </ClCompile>
    <ClCompile Include="src\QGenieTimeGenerator.cpp">
      <Filter>Source Files</Filter>
    </ClCompile>
    <ClCompile Include="src\QGenieTimelineLocker.cpp">
      <Filter>Source Files</Filter>
    </ClCompile>
    <ClCompile Include="src\QGenieTopoItems.cpp">
      <Filter>Source Files</Filter>
    </ClCompile>
    <ClCompile Include="..\..\include\genie2_routeranim\QGenieTopoNodePaintStrategy.cpp">
      <Filter>Source Files</Filter>
    </ClCompile>
    <ClCompile Include="TrafficMeter\QGenieTrafficMeterObject.cpp">
      <Filter>Source Files</Filter>
    </ClCompile>
    <ClCompile Include="src\QPiObject.cpp">
      <Filter>Source Files</Filter>
    </ClCompile>
    <ClCompile Include="src\QProgressIndicator.cpp">
      <Filter>Source Files</Filter>
    </ClCompile>
    <ClCompile Include="src\QSetTextHelper.cpp">
      <Filter>Source Files</Filter>
    </ClCompile>
    <ClCompile Include="TrafficMeter\chart.cpp">
      <Filter>Source Files</Filter>
    </ClCompile>
    <ClCompile Include="ReadyShare\pcpform.cpp">
      <Filter>Source Files</Filter>
    </ClCompile>
    <ClCompile Include="Release\moc_GenieHttp.cpp">
      <Filter>Generated Files\Release</Filter>
    </ClCompile>
    <ClCompile Include="Debug\moc_GenieHttp.cpp">
      <Filter>Generated Files\Debug</Filter>
    </ClCompile>
    <ClCompile Include="Release\moc_GeniePlugin_RouterConfiguration.cpp">
      <Filter>Generated Files\Release</Filter>
    </ClCompile>
    <ClCompile Include="Debug\moc_GeniePlugin_RouterConfiguration.cpp">
      <Filter>Generated Files\Debug</Filter>
    </ClCompile>
    <ClCompile Include="Release\moc_INetgearInterface.cpp">
      <Filter>Generated Files\Release</Filter>
    </ClCompile>
    <ClCompile Include="Debug\moc_INetgearInterface.cpp">
      <Filter>Generated Files\Debug</Filter>
    </ClCompile>
    <ClCompile Include="Release\moc_QGenieFupdateObject.cpp">
      <Filter>Generated Files\Release</Filter>
    </ClCompile>
    <ClCompile Include="Debug\moc_QGenieFupdateObject.cpp">
      <Filter>Generated Files\Debug</Filter>
    </ClCompile>
    <ClCompile Include="Release\moc_QGenieGaccObject.cpp">
      <Filter>Generated Files\Release</Filter>
    </ClCompile>
    <ClCompile Include="Debug\moc_QGenieGaccObject.cpp">
      <Filter>Generated Files\Debug</Filter>
    </ClCompile>
    <ClCompile Include="Release\moc_QGenieIface2ShareObject.cpp">
      <Filter>Generated Files\Release</Filter>
    </ClCompile>
    <ClCompile Include="Debug\moc_QGenieIface2ShareObject.cpp">
      <Filter>Generated Files\Debug</Filter>
    </ClCompile>
    <ClCompile Include="Release\moc_QGenieQRCodeManager.cpp">
      <Filter>Generated Files\Release</Filter>
    </ClCompile>
    <ClCompile Include="Debug\moc_QGenieQRCodeManager.cpp">
      <Filter>Generated Files\Debug</Filter>
    </ClCompile>
    <ClCompile Include="Release\moc_QGenieRCLackDataGetter.cpp">
      <Filter>Generated Files\Release</Filter>
    </ClCompile>
    <ClCompile Include="Debug\moc_QGenieRCLackDataGetter.cpp">
      <Filter>Generated Files\Debug</Filter>
    </ClCompile>
    <ClCompile Include="Release\moc_QGenieRCTopologyObject.cpp">
      <Filter>Generated Files\Release</Filter>
    </ClCompile>
    <ClCompile Include="Debug\moc_QGenieRCTopologyObject.cpp">
      <Filter>Generated Files\Debug</Filter>
    </ClCompile>
    <ClCompile Include="Release\moc_QGenieRCWirelessObject.cpp">
      <Filter>Generated Files\Release</Filter>
    </ClCompile>
    <ClCompile Include="Debug\moc_QGenieRCWirelessObject.cpp">
      <Filter>Generated Files\Debug</Filter>
    </ClCompile>
    <ClCompile Include="Release\moc_QGenieRSBasic.cpp">
      <Filter>Generated Files\Release</Filter>
    </ClCompile>
    <ClCompile Include="Debug\moc_QGenieRSBasic.cpp">
      <Filter>Generated Files\Debug</Filter>
    </ClCompile>
    <ClCompile Include="Release\moc_QGenieRSManager.cpp">
      <Filter>Generated Files\Release</Filter>
    </ClCompile>
    <ClCompile Include="Debug\moc_QGenieRSManager.cpp">
      <Filter>Generated Files\Debug</Filter>
    </ClCompile>
    <ClCompile Include="Release\moc_QGenieRSPrint.cpp">
      <Filter>Generated Files\Release</Filter>
    </ClCompile>
    <ClCompile Include="Debug\moc_QGenieRSPrint.cpp">
      <Filter>Generated Files\Debug</Filter>
    </ClCompile>
    <ClCompile Include="Release\moc_QGenieRSRemote.cpp">
      <Filter>Generated Files\Release</Filter>
    </ClCompile>
    <ClCompile Include="Debug\moc_QGenieRSRemote.cpp">
      <Filter>Generated Files\Debug</Filter>
    </ClCompile>
    <ClCompile Include="Release\moc_QGenieTimelineLocker.cpp">
      <Filter>Generated Files\Release</Filter>
    </ClCompile>
    <ClCompile Include="Debug\moc_QGenieTimelineLocker.cpp">
      <Filter>Generated Files\Debug</Filter>
    </ClCompile>
    <ClCompile Include="Release\moc_QGenieTrafficMeterObject.cpp">
      <Filter>Generated Files\Release</Filter>
    </ClCompile>
    <ClCompile Include="Debug\moc_QGenieTrafficMeterObject.cpp">
      <Filter>Generated Files\Debug</Filter>
    </ClCompile>
    <ClCompile Include="Release\moc_QPiObject.cpp">
      <Filter>Generated Files\Release</Filter>
    </ClCompile>
    <ClCompile Include="Debug\moc_QPiObject.cpp">
      <Filter>Generated Files\Debug</Filter>
    </ClCompile>
    <ClCompile Include="Release\moc_QProgressIndicator.cpp">
      <Filter>Generated Files\Release</Filter>
    </ClCompile>
    <ClCompile Include="Debug\moc_QProgressIndicator.cpp">
      <Filter>Generated Files\Debug</Filter>
    </ClCompile>
    <ClCompile Include="Release\moc_chart.cpp">
      <Filter>Generated Files\Release</Filter>
    </ClCompile>
    <ClCompile Include="Debug\moc_chart.cpp">
      <Filter>Generated Files\Debug</Filter>
    </ClCompile>
    <ClCompile Include="Release\moc_pcpform.cpp">
      <Filter>Generated Files\Release</Filter>
    </ClCompile>
    <ClCompile Include="Debug\moc_pcpform.cpp">
      <Filter>Generated Files\Debug</Filter>
    </ClCompile>
  </ItemGroup>
  <ItemGroup>
    <CustomBuild Include="ReadyShare\GenieHttp.h">
      <Filter>Header Files</Filter>
    </CustomBuild>
    <CustomBuild Include="GeniePlugin_RouterConfiguration.h">
      <Filter>Header Files</Filter>
    </CustomBuild>
    <ClInclude Include="..\..\include\genie2_interface\IHandlerInf.h">
      <Filter>Header Files</Filter>
    </ClInclude>
    <CustomBuild Include="..\..\include\genie2_netgear\INetgearInterface.h">
      <Filter>Header Files</Filter>
    </CustomBuild>
    <ClInclude Include="..\..\include\genie2_interface\IPluginInf2.h">
      <Filter>Header Files</Filter>
    </ClInclude>
    <ClInclude Include="src\QGenieDelayProcessLogic.h">
      <Filter>Header Files</Filter>
    </ClInclude>
    <CustomBuild Include="src\QGenieFupdateObject.h">
      <Filter>Header Files</Filter>
    </CustomBuild>
    <CustomBuild Include="src\QGenieGaccObject.h">
      <Filter>Header Files</Filter>
    </CustomBuild>
    <CustomBuild Include="..\..\include\genie2_interface\QGenieIface2ShareObject.h">
      <Filter>Header Files</Filter>
    </CustomBuild>
    <ClInclude Include="..\genie2_qrcode\QGenieQRCode.h">
      <Filter>Header Files</Filter>
    </ClInclude>
    <CustomBuild Include="src\QGenieQRCodeManager.h">
      <Filter>Header Files</Filter>
    </CustomBuild>
    <CustomBuild Include="src\QGenieRCLackDataGetter.h">
      <Filter>Header Files</Filter>
    </CustomBuild>
    <CustomBuild Include="src\QGenieRCTopologyObject.h">
      <Filter>Header Files</Filter>
    </CustomBuild>
    <CustomBuild Include="src\QGenieRCWirelessObject.h">
      <Filter>Header Files</Filter>
    </CustomBuild>
    <CustomBuild Include="ReadyShare\QGenieRSBasic.h">
      <Filter>Header Files</Filter>
    </CustomBuild>
    <CustomBuild Include="ReadyShare\QGenieRSManager.h">
      <Filter>Header Files</Filter>
    </CustomBuild>
    <CustomBuild Include="ReadyShare\QGenieRSPrint.h">
      <Filter>Header Files</Filter>
    </CustomBuild>
    <CustomBuild Include="ReadyShare\QGenieRSRemote.h">
      <Filter>Header Files</Filter>
    </CustomBuild>
    <ClInclude Include="src\QGenieTimeGenerator.h">
      <Filter>Header Files</Filter>
    </ClInclude>
    <CustomBuild Include="src\QGenieTimelineLocker.h">
      <Filter>Header Files</Filter>
    </CustomBuild>
    <ClInclude Include="src\QGenieTopoItems.h">
      <Filter>Header Files</Filter>
    </ClInclude>
    <ClInclude Include="..\..\include\genie2_routeranim\QGenieTopoNodePaintStrategy.h">
      <Filter>Header Files</Filter>
    </ClInclude>
    <CustomBuild Include="TrafficMeter\QGenieTrafficMeterObject.h">
      <Filter>Header Files</Filter>
    </CustomBuild>
    <CustomBuild Include="src\QPiObject.h">
      <Filter>Header Files</Filter>
    </CustomBuild>
    <CustomBuild Include="src\QProgressIndicator.h">
      <Filter>Header Files</Filter>
    </CustomBuild>
    <ClInclude Include="src\QSetTextHelper.h">
      <Filter>Header Files</Filter>
    </ClInclude>
    <CustomBuild Include="TrafficMeter\chart.h">
      <Filter>Header Files</Filter>
    </CustomBuild>
    <ClInclude Include="..\..\include\genie2_interface\genie2_interface.h">
      <Filter>Header Files</Filter>
    </ClInclude>
    <ClInclude Include="..\..\include\genie2_interface\genie2_plugincommunication.h">
      <Filter>Header Files</Filter>
    </ClInclude>
    <ClInclude Include="..\genie2_qrcode\genie2_qrcode.h">
      <Filter>Header Files</Filter>
    </ClInclude>
    <ClInclude Include="..\..\include\genie2_interface\inner_macros.h">
      <Filter>Header Files</Filter>
    </ClInclude>
    <ClInclude Include="..\..\include\genie2_interface\interface2_cmds.h">
      <Filter>Header Files</Filter>
    </ClInclude>
    <ClInclude Include="..\..\include\genie2_interface\interface2_macros.h">
      <Filter>Header Files</Filter>
    </ClInclude>
    <ClInclude Include="..\..\include\genie2_interface\interface2_settings.h">
      <Filter>Header Files</Filter>
    </ClInclude>
    <CustomBuild Include="ReadyShare\pcpform.h">
      <Filter>Header Files</Filter>
    </CustomBuild>
  </ItemGroup>
</Project>