
Microsoft Visual Studio Solution File, Format Version 11.00
# Visual Studio 2010
Project("{8BC9CEB8-8B4A-11D0-8D11-00A0C91BC942}") = "GeniePlugin_Airprint", "GeniePlugin_Airprint.vcxproj", "{7AC914DA-E4CA-3B6B-B235-237A3D895CBA}"
EndProject
Global
	GlobalSection(SolutionConfigurationPlatforms) = preSolution
		Debug|Win32 = Debug|Win32
		Release|Win32 = Release|Win32
	EndGlobalSection
	GlobalSection(ProjectConfigurationPlatforms) = postSolution
		{7AC914DA-E4CA-3B6B-B235-237A3D895CBA}.Debug|Win32.ActiveCfg = Debug|Win32
		{7AC914DA-E4CA-3B6B-B235-237A3D895CBA}.Debug|Win32.Build.0 = Debug|Win32
		{7AC914DA-E4CA-3B6B-B235-237A3D895CBA}.Release|Win32.ActiveCfg = Release|Win32
		{7AC914DA-E4CA-3B6B-B235-237A3D895CBA}.Release|Win32.Build.0 = Release|Win32
	EndGlobalSection
	GlobalSection(SolutionProperties) = preSolution
		HideSolutionNode = FALSE
	EndGlobalSection
EndGlobal
