<?xml version="1.0" encoding="utf-8"?>
<Project ToolsVersion="4.0" xmlns="http://schemas.microsoft.com/developer/msbuild/2003">
  <ItemGroup>
    <Filter Include="Generated Files">
      <UniqueIdentifier>{71ED8ED8-ACB9-4CE9-BBE1-E00B30144E11}</UniqueIdentifier>
      <Extensions>cpp;c;cxx;moc;h;def;odl;idl;res;</Extensions>
    </Filter>
    <Filter Include="Generated Files">
      <UniqueIdentifier>{71ED8ED8-ACB9-4CE9-BBE1-E00B30144E11}</UniqueIdentifier>
      <Extensions>cpp;c;cxx;moc;h;def;odl;idl;res;</Extensions>
    </Filter>
    <Filter Include="Header Files">
      <UniqueIdentifier>{93995380-89BD-4b04-88EB-625FBE52EBFB}</UniqueIdentifier>
      <Extensions>h;hpp;hxx;hm;inl;inc;xsd</Extensions>
    </Filter>
    <Filter Include="Header Files">
      <UniqueIdentifier>{93995380-89BD-4b04-88EB-625FBE52EBFB}</UniqueIdentifier>
      <Extensions>h;hpp;hxx;hm;inl;inc;xsd</Extensions>
    </Filter>
    <Filter Include="Resource Files">
      <UniqueIdentifier>{D9D6E242-F8AF-46E4-B9FD-80ECBC20BA3E}</UniqueIdentifier>
      <Extensions>qrc;*</Extensions>
      <ParseFiles>false</ParseFiles>
    </Filter>
    <Filter Include="Resource Files">
      <UniqueIdentifier>{D9D6E242-F8AF-46E4-B9FD-80ECBC20BA3E}</UniqueIdentifier>
      <Extensions>qrc;*</Extensions>
      <ParseFiles>false</ParseFiles>
    </Filter>
    <Filter Include="Source Files">
      <UniqueIdentifier>{4FC737F1-C7A5-4376-A066-2A32D752A2FF}</UniqueIdentifier>
      <Extensions>cpp;c;cxx;def;odl;idl;hpj;bat;asm;asmx</Extensions>
    </Filter>
    <Filter Include="Source Files">
      <UniqueIdentifier>{4FC737F1-C7A5-4376-A066-2A32D752A2FF}</UniqueIdentifier>
      <Extensions>cpp;c;cxx;def;odl;idl;hpj;bat;asm;asmx</Extensions>
    </Filter>
    <Filter Include="Generated Files\Release">
      <UniqueIdentifier>{736f2553-ad16-485d-bec1-c78e89dfaf15}</UniqueIdentifier>
      <Extensions>cpp;moc</Extensions>
      <SourceControlFiles>False</SourceControlFiles>
    </Filter>
    <Filter Include="Generated Files\Debug">
      <UniqueIdentifier>{a8f821fb-64ac-445f-be29-543c9307ffa3}</UniqueIdentifier>
      <Extensions>cpp;moc</Extensions>
      <SourceControlFiles>False</SourceControlFiles>
    </Filter>
  </ItemGroup>
  <ItemGroup>
    <ClCompile Include="..\..\include\Internet_IPC\ChannelConsumer.cpp">
      <Filter>Source Files</Filter>
    </ClCompile>
    <ClCompile Include="..\..\include\Internet_IPC\ChannelProducer.cpp">
      <Filter>Source Files</Filter>
    </ClCompile>
    <ClCompile Include="DnsQuery_Win.cpp">
      <Filter>Source Files</Filter>
    </ClCompile>
    <ClCompile Include="GeniePlugin_Internet.cpp">
      <Filter>Source Files</Filter>
    </ClCompile>
    <ClCompile Include="InternetMsgProcessor.cpp">
      <Filter>Source Files</Filter>
    </ClCompile>
    <ClCompile Include="QGenieAvailableNetworkItem.cpp">
      <Filter>Source Files</Filter>
    </ClCompile>
    <ClCompile Include="QGenieAvailableNetworkList.cpp">
      <Filter>Source Files</Filter>
    </ClCompile>
    <ClCompile Include="QGenieConnectionStateDetecter.cpp">
      <Filter>Source Files</Filter>
    </ClCompile>
    <ClCompile Include="QGenieDialogContainerFrame.cpp">
      <Filter>Source Files</Filter>
    </ClCompile>
    <ClCompile Include="QGenieDialogInnerWidget.cpp">
      <Filter>Source Files</Filter>
    </ClCompile>
    <ClCompile Include="QGenieDisclaimerWidget.cpp">
      <Filter>Source Files</Filter>
    </ClCompile>
    <ClCompile Include="..\..\include\genie2_interface\QGenieIface2ShareObject.cpp">
      <Filter>Source Files</Filter>
    </ClCompile>
    <ClCompile Include="QGenieInputPasswordWidget.cpp">
      <Filter>Source Files</Filter>
    </ClCompile>
    <ClCompile Include="QGenieNetMonitor.cpp">
      <Filter>Source Files</Filter>
    </ClCompile>
    <ClCompile Include="QGenieNetTrafficGraph.cpp">
      <Filter>Source Files</Filter>
    </ClCompile>
    <ClCompile Include="QGenieNetworkDiagnose.cpp">
      <Filter>Source Files</Filter>
    </ClCompile>
    <ClCompile Include="QGenieNetworkStatePanel.cpp">
      <Filter>Source Files</Filter>
    </ClCompile>
    <ClCompile Include="QGeniePluginCableWidget.cpp">
      <Filter>Source Files</Filter>
    </ClCompile>
    <ClCompile Include="QGenieProgressPanel.cpp">
      <Filter>Source Files</Filter>
    </ClCompile>
    <ClCompile Include="QGenieRefreshInternetStateHandler.cpp">
      <Filter>Source Files</Filter>
    </ClCompile>
    <ClCompile Include="QGenieRefreshStatusThread.cpp">
      <Filter>Source Files</Filter>
    </ClCompile>
    <ClCompile Include="QGenieRefreshVisibleNetworkThread.cpp">
      <Filter>Source Files</Filter>
    </ClCompile>
    <ClCompile Include="QGenieRestartRouterWidget.cpp">
      <Filter>Source Files</Filter>
    </ClCompile>
    <ClCompile Include="QGenieSpeedTest.cpp">
      <Filter>Source Files</Filter>
    </ClCompile>
    <ClCompile Include="QGenieSwitchonWlannicRadioWidget.cpp">
      <Filter>Source Files</Filter>
    </ClCompile>
    <ClCompile Include="QGenieThreadTimer.cpp">
      <Filter>Source Files</Filter>
    </ClCompile>
    <ClCompile Include="..\..\include\genie2_routeranim\QGenieTopoNodePaintStrategy.cpp">
      <Filter>Source Files</Filter>
    </ClCompile>
    <ClCompile Include="QGenieVisibleNetworkWidget.cpp">
      <Filter>Source Files</Filter>
    </ClCompile>
    <ClCompile Include="QGenieWlanKeyPersistent.cpp">
      <Filter>Source Files</Filter>
    </ClCompile>
    <ClCompile Include="QGenieWzcMonitorThread.cpp">
      <Filter>Source Files</Filter>
    </ClCompile>
    <ClCompile Include="QProgressIndicator.cpp">
      <Filter>Source Files</Filter>
    </ClCompile>
    <ClCompile Include="..\GenieDaemon\trunk\code\daemon\ipc2_win32.cpp">
      <Filter>Source Files</Filter>
    </ClCompile>
    <ClCompile Include="..\GenieDaemon\trunk\code\daemon\proto.cpp">
      <Filter>Source Files</Filter>
    </ClCompile>
    <ClCompile Include="Release\moc_ChannelConsumer.cpp">
      <Filter>Generated Files\Release</Filter>
    </ClCompile>
    <ClCompile Include="Debug\moc_ChannelConsumer.cpp">
      <Filter>Generated Files\Debug</Filter>
    </ClCompile>
    <ClCompile Include="Release\moc_ChannelProducer.cpp">
      <Filter>Generated Files\Release</Filter>
    </ClCompile>
    <ClCompile Include="Debug\moc_ChannelProducer.cpp">
      <Filter>Generated Files\Debug</Filter>
    </ClCompile>
    <ClCompile Include="Release\moc_GeniePlugin_Internet.cpp">
      <Filter>Generated Files\Release</Filter>
    </ClCompile>
    <ClCompile Include="Debug\moc_GeniePlugin_Internet.cpp">
      <Filter>Generated Files\Debug</Filter>
    </ClCompile>
    <ClCompile Include="Release\moc_InternetMsgProcessor.cpp">
      <Filter>Generated Files\Release</Filter>
    </ClCompile>
    <ClCompile Include="Debug\moc_InternetMsgProcessor.cpp">
      <Filter>Generated Files\Debug</Filter>
    </ClCompile>
    <ClCompile Include="Release\moc_QGenieAvailableNetworkItem.cpp">
      <Filter>Generated Files\Release</Filter>
    </ClCompile>
    <ClCompile Include="Debug\moc_QGenieAvailableNetworkItem.cpp">
      <Filter>Generated Files\Debug</Filter>
    </ClCompile>
    <ClCompile Include="Release\moc_QGenieAvailableNetworkList.cpp">
      <Filter>Generated Files\Release</Filter>
    </ClCompile>
    <ClCompile Include="Debug\moc_QGenieAvailableNetworkList.cpp">
      <Filter>Generated Files\Debug</Filter>
    </ClCompile>
    <ClCompile Include="Release\moc_QGenieDialogContainerFrame.cpp">
      <Filter>Generated Files\Release</Filter>
    </ClCompile>
    <ClCompile Include="Debug\moc_QGenieDialogContainerFrame.cpp">
      <Filter>Generated Files\Debug</Filter>
    </ClCompile>
    <ClCompile Include="Release\moc_QGenieDialogInnerWidget.cpp">
      <Filter>Generated Files\Release</Filter>
    </ClCompile>
    <ClCompile Include="Debug\moc_QGenieDialogInnerWidget.cpp">
      <Filter>Generated Files\Debug</Filter>
    </ClCompile>
    <ClCompile Include="Release\moc_QGenieDisclaimerWidget.cpp">
      <Filter>Generated Files\Release</Filter>
    </ClCompile>
    <ClCompile Include="Debug\moc_QGenieDisclaimerWidget.cpp">
      <Filter>Generated Files\Debug</Filter>
    </ClCompile>
    <ClCompile Include="Release\moc_QGenieIface2ShareObject.cpp">
      <Filter>Generated Files\Release</Filter>
    </ClCompile>
    <ClCompile Include="Debug\moc_QGenieIface2ShareObject.cpp">
      <Filter>Generated Files\Debug</Filter>
    </ClCompile>
    <ClCompile Include="Release\moc_QGenieInputPasswordWidget.cpp">
      <Filter>Generated Files\Release</Filter>
    </ClCompile>
    <ClCompile Include="Debug\moc_QGenieInputPasswordWidget.cpp">
      <Filter>Generated Files\Debug</Filter>
    </ClCompile>
    <ClCompile Include="Release\moc_QGenieNetMonitor.cpp">
      <Filter>Generated Files\Release</Filter>
    </ClCompile>
    <ClCompile Include="Debug\moc_QGenieNetMonitor.cpp">
      <Filter>Generated Files\Debug</Filter>
    </ClCompile>
    <ClCompile Include="Release\moc_QGenieNetTrafficGraph.cpp">
      <Filter>Generated Files\Release</Filter>
    </ClCompile>
    <ClCompile Include="Debug\moc_QGenieNetTrafficGraph.cpp">
      <Filter>Generated Files\Debug</Filter>
    </ClCompile>
    <ClCompile Include="Release\moc_QGenieNetworkDiagnose.cpp">
      <Filter>Generated Files\Release</Filter>
    </ClCompile>
    <ClCompile Include="Debug\moc_QGenieNetworkDiagnose.cpp">
      <Filter>Generated Files\Debug</Filter>
    </ClCompile>
    <ClCompile Include="Release\moc_QGenieNetworkStatePanel.cpp">
      <Filter>Generated Files\Release</Filter>
    </ClCompile>
    <ClCompile Include="Debug\moc_QGenieNetworkStatePanel.cpp">
      <Filter>Generated Files\Debug</Filter>
    </ClCompile>
    <ClCompile Include="Release\moc_QGeniePluginCableWidget.cpp">
      <Filter>Generated Files\Release</Filter>
    </ClCompile>
    <ClCompile Include="Debug\moc_QGeniePluginCableWidget.cpp">
      <Filter>Generated Files\Debug</Filter>
    </ClCompile>
    <ClCompile Include="Release\moc_QGenieProgressPanel.cpp">
      <Filter>Generated Files\Release</Filter>
    </ClCompile>
    <ClCompile Include="Debug\moc_QGenieProgressPanel.cpp">
      <Filter>Generated Files\Debug</Filter>
    </ClCompile>
    <ClCompile Include="Release\moc_QGenieRefreshInternetStateHandler.cpp">
      <Filter>Generated Files\Release</Filter>
    </ClCompile>
    <ClCompile Include="Debug\moc_QGenieRefreshInternetStateHandler.cpp">
      <Filter>Generated Files\Debug</Filter>
    </ClCompile>
    <ClCompile Include="Release\moc_QGenieRefreshStatusThread.cpp">
      <Filter>Generated Files\Release</Filter>
    </ClCompile>
    <ClCompile Include="Debug\moc_QGenieRefreshStatusThread.cpp">
      <Filter>Generated Files\Debug</Filter>
    </ClCompile>
    <ClCompile Include="Release\moc_QGenieRefreshVisibleNetworkThread.cpp">
      <Filter>Generated Files\Release</Filter>
    </ClCompile>
    <ClCompile Include="Debug\moc_QGenieRefreshVisibleNetworkThread.cpp">
      <Filter>Generated Files\Debug</Filter>
    </ClCompile>
    <ClCompile Include="Release\moc_QGenieRestartRouterWidget.cpp">
      <Filter>Generated Files\Release</Filter>
    </ClCompile>
    <ClCompile Include="Debug\moc_QGenieRestartRouterWidget.cpp">
      <Filter>Generated Files\Debug</Filter>
    </ClCompile>
    <ClCompile Include="Release\moc_QGenieSpeedTest.cpp">
      <Filter>Generated Files\Release</Filter>
    </ClCompile>
    <ClCompile Include="Debug\moc_QGenieSpeedTest.cpp">
      <Filter>Generated Files\Debug</Filter>
    </ClCompile>
    <ClCompile Include="Release\moc_QGenieSwitchonWlannicRadioWidget.cpp">
      <Filter>Generated Files\Release</Filter>
    </ClCompile>
    <ClCompile Include="Debug\moc_QGenieSwitchonWlannicRadioWidget.cpp">
      <Filter>Generated Files\Debug</Filter>
    </ClCompile>
    <ClCompile Include="Release\moc_QGenieThreadTimer.cpp">
      <Filter>Generated Files\Release</Filter>
    </ClCompile>
    <ClCompile Include="Debug\moc_QGenieThreadTimer.cpp">
      <Filter>Generated Files\Debug</Filter>
    </ClCompile>
    <ClCompile Include="Release\moc_QGenieVisibleNetworkWidget.cpp">
      <Filter>Generated Files\Release</Filter>
    </ClCompile>
    <ClCompile Include="Debug\moc_QGenieVisibleNetworkWidget.cpp">
      <Filter>Generated Files\Debug</Filter>
    </ClCompile>
    <ClCompile Include="Release\moc_QGenieWzcMonitorThread.cpp">
      <Filter>Generated Files\Release</Filter>
    </ClCompile>
    <ClCompile Include="Debug\moc_QGenieWzcMonitorThread.cpp">
      <Filter>Generated Files\Debug</Filter>
    </ClCompile>
    <ClCompile Include="Release\moc_QProgressIndicator.cpp">
      <Filter>Generated Files\Release</Filter>
    </ClCompile>
    <ClCompile Include="Debug\moc_QProgressIndicator.cpp">
      <Filter>Generated Files\Debug</Filter>
    </ClCompile>
    <ClCompile Include="GeneratedFiles\qrc_QGeniePluginInternet.cpp">
      <Filter>Generated Files</Filter>
    </ClCompile>
  </ItemGroup>
  <ItemGroup>
    <CustomBuild Include="..\..\include\Internet_IPC\ChannelConsumer.h">
      <Filter>Header Files</Filter>
    </CustomBuild>
    <CustomBuild Include="..\..\include\Internet_IPC\ChannelProducer.h">
      <Filter>Header Files</Filter>
    </CustomBuild>
    <ClInclude Include="DnsQuery_Win.h">
      <Filter>Header Files</Filter>
    </ClInclude>
    <CustomBuild Include="GeniePlugin_Internet.h">
      <Filter>Header Files</Filter>
    </CustomBuild>
    <ClInclude Include="Globals.h">
      <Filter>Header Files</Filter>
    </ClInclude>
    <ClInclude Include="..\..\include\Internet_IPC\IChannelMessageProcessor.h">
      <Filter>Header Files</Filter>
    </ClInclude>
    <ClInclude Include="..\..\include\genie2_interface\IHandlerInf.h">
      <Filter>Header Files</Filter>
    </ClInclude>
    <ClInclude Include="..\..\include\Internet_IPC\IPCCommon.h">
      <Filter>Header Files</Filter>
    </ClInclude>
    <ClInclude Include="..\..\include\genie2_interface\IPluginInf2.h">
      <Filter>Header Files</Filter>
    </ClInclude>
    <ClInclude Include="..\..\include\Internet_IPC\InternetDaemonDefs.h">
      <Filter>Header Files</Filter>
    </ClInclude>
    <CustomBuild Include="InternetMsgProcessor.h">
      <Filter>Header Files</Filter>
    </CustomBuild>
    <CustomBuild Include="QGenieAvailableNetworkItem.h">
      <Filter>Header Files</Filter>
    </CustomBuild>
    <CustomBuild Include="QGenieAvailableNetworkList.h">
      <Filter>Header Files</Filter>
    </CustomBuild>
    <ClInclude Include="QGenieConnectionStateDetecter.h">
      <Filter>Header Files</Filter>
    </ClInclude>
    <CustomBuild Include="QGenieDialogContainerFrame.h">
      <Filter>Header Files</Filter>
    </CustomBuild>
    <CustomBuild Include="QGenieDialogInnerWidget.h">
      <Filter>Header Files</Filter>
    </CustomBuild>
    <CustomBuild Include="QGenieDisclaimerWidget.h">
      <Filter>Header Files</Filter>
    </CustomBuild>
    <CustomBuild Include="..\..\include\genie2_interface\QGenieIface2ShareObject.h">
      <Filter>Header Files</Filter>
    </CustomBuild>
    <CustomBuild Include="QGenieInputPasswordWidget.h">
      <Filter>Header Files</Filter>
    </CustomBuild>
    <CustomBuild Include="QGenieNetMonitor.h">
      <Filter>Header Files</Filter>
    </CustomBuild>
    <CustomBuild Include="QGenieNetTrafficGraph.h">
      <Filter>Header Files</Filter>
    </CustomBuild>
    <CustomBuild Include="QGenieNetworkDiagnose.h">
      <Filter>Header Files</Filter>
    </CustomBuild>
    <CustomBuild Include="QGenieNetworkStatePanel.h">
      <Filter>Header Files</Filter>
    </CustomBuild>
    <CustomBuild Include="QGeniePluginCableWidget.h">
      <Filter>Header Files</Filter>
    </CustomBuild>
    <CustomBuild Include="QGenieProgressPanel.h">
      <Filter>Header Files</Filter>
    </CustomBuild>
    <CustomBuild Include="QGenieRefreshInternetStateHandler.h">
      <Filter>Header Files</Filter>
    </CustomBuild>
    <CustomBuild Include="QGenieRefreshStatusThread.h">
      <Filter>Header Files</Filter>
    </CustomBuild>
    <CustomBuild Include="QGenieRefreshVisibleNetworkThread.h">
      <Filter>Header Files</Filter>
    </CustomBuild>
    <CustomBuild Include="QGenieRestartRouterWidget.h">
      <Filter>Header Files</Filter>
    </CustomBuild>
    <CustomBuild Include="QGenieSpeedTest.h">
      <Filter>Header Files</Filter>
    </CustomBuild>
    <CustomBuild Include="QGenieSwitchonWlannicRadioWidget.h">
      <Filter>Header Files</Filter>
    </CustomBuild>
    <CustomBuild Include="QGenieThreadTimer.h">
      <Filter>Header Files</Filter>
    </CustomBuild>
    <ClInclude Include="..\..\include\genie2_routeranim\QGenieTopoNodePaintStrategy.h">
      <Filter>Header Files</Filter>
    </ClInclude>
    <CustomBuild Include="QGenieVisibleNetworkWidget.h">
      <Filter>Header Files</Filter>
    </CustomBuild>
    <ClInclude Include="QGenieWlanKeyPersistent.h">
      <Filter>Header Files</Filter>
    </ClInclude>
    <CustomBuild Include="QGenieWzcMonitorThread.h">
      <Filter>Header Files</Filter>
    </CustomBuild>
    <CustomBuild Include="QProgressIndicator.h">
      <Filter>Header Files</Filter>
    </CustomBuild>
    <ClInclude Include="..\..\include\genie2_interface\genie2_interface.h">
      <Filter>Header Files</Filter>
    </ClInclude>
    <ClInclude Include="..\..\include\genie2_interface\genie2_plugincommunication.h">
      <Filter>Header Files</Filter>
    </ClInclude>
    <ClInclude Include="..\..\include\genie2_interface\inner_macros.h">
      <Filter>Header Files</Filter>
    </ClInclude>
    <ClInclude Include="..\..\include\genie2_interface\interface2_cmds.h">
      <Filter>Header Files</Filter>
    </ClInclude>
    <ClInclude Include="..\..\include\genie2_interface\interface2_macros.h">
      <Filter>Header Files</Filter>
    </ClInclude>
    <ClInclude Include="..\..\include\genie2_interface\interface2_settings.h">
      <Filter>Header Files</Filter>
    </ClInclude>
    <ClInclude Include="..\GenieDaemon\trunk\code\daemon\ipc.h">
      <Filter>Header Files</Filter>
    </ClInclude>
  </ItemGroup>
  <ItemGroup>
    <None Include="image\A_WNetwork.png">
      <Filter>Resource Files</Filter>
    </None>
    <None Include="image\I_WNetwork.png">
      <Filter>Resource Files</Filter>
    </None>
    <None Include="image\Internet.png">
      <Filter>Resource Files</Filter>
    </None>
    <None Include="image\InternetFlash.png">
      <Filter>Resource Files</Filter>
    </None>
    <None Include="image\LinkStateFailed.png">
      <Filter>Resource Files</Filter>
    </None>
    <None Include="image\LinkStateOk.png">
      <Filter>Resource Files</Filter>
    </None>
    <None Include="image\LinkStateUnknown.png">
      <Filter>Resource Files</Filter>
    </None>
    <None Include="image\PC.png">
      <Filter>Resource Files</Filter>
    </None>
    <None Include="image\PCFlash.png">
      <Filter>Resource Files</Filter>
    </None>
    <None Include="image\PluginCable.gif">
      <Filter>Resource Files</Filter>
    </None>
    <CustomBuild Include="QGeniePluginInternet.qrc">
      <Filter>Resource Files</Filter>
    </CustomBuild>
    <None Include="image\Router.png">
      <Filter>Resource Files</Filter>
    </None>
    <None Include="image\RouterFlash.png">
      <Filter>Resource Files</Filter>
    </None>
    <None Include="image\Sec_Enabled.png">
      <Filter>Resource Files</Filter>
    </None>
    <None Include="image\W_Signal_0.png">
      <Filter>Resource Files</Filter>
    </None>
    <None Include="image\W_Signal_1.png">
      <Filter>Resource Files</Filter>
    </None>
    <None Include="image\W_Signal_2.png">
      <Filter>Resource Files</Filter>
    </None>
    <None Include="image\W_Signal_3.png">
      <Filter>Resource Files</Filter>
    </None>
    <None Include="image\W_Signal_4.png">
      <Filter>Resource Files</Filter>
    </None>
    <None Include="image\W_Signal_5.png">
      <Filter>Resource Files</Filter>
    </None>
    <None Include="image\WlanNicRadioOff.gif">
      <Filter>Resource Files</Filter>
    </None>
    <None Include="image\download_big.png">
      <Filter>Resource Files</Filter>
    </None>
    <None Include="image\netmon_barchart.png">
      <Filter>Resource Files</Filter>
    </None>
    <None Include="image\netmon_detail.png">
      <Filter>Resource Files</Filter>
    </None>
    <None Include="image\netmon_detail2.png">
      <Filter>Resource Files</Filter>
    </None>
    <None Include="image\pwd_invalid.png">
      <Filter>Resource Files</Filter>
    </None>
    <None Include="image\upload_big.png">
      <Filter>Resource Files</Filter>
    </None>
  </ItemGroup>
</Project>