
Microsoft Visual Studio Solution File, Format Version 11.00
# Visual Studio 2010
Project("{8BC9CEB8-8B4A-11D0-8D11-00A0C91BC942}") = "GeniePlugin_About", "GeniePlugin_About.vcxproj", "{B4691A4A-D39C-31C7-B533-EC2E87C9A594}"
EndProject
Global
	GlobalSection(SolutionConfigurationPlatforms) = preSolution
		Debug|Win32 = Debug|Win32
		Release|Win32 = Release|Win32
	EndGlobalSection
	GlobalSection(ProjectConfigurationPlatforms) = postSolution
		{B4691A4A-D39C-31C7-B533-EC2E87C9A594}.Debug|Win32.ActiveCfg = Debug|Win32
		{B4691A4A-D39C-31C7-B533-EC2E87C9A594}.Debug|Win32.Build.0 = Debug|Win32
		{B4691A4A-D39C-31C7-B533-EC2E87C9A594}.Release|Win32.ActiveCfg = Release|Win32
		{B4691A4A-D39C-31C7-B533-EC2E87C9A594}.Release|Win32.Build.0 = Release|Win32
	EndGlobalSection
	GlobalSection(SolutionProperties) = preSolution
		HideSolutionNode = FALSE
	EndGlobalSection
EndGlobal
