Microsoft Visual Studio Solution File, Format Version 11.00
# Visual Studio 2010
Project("{8BC9CEB8-8B4A-11D0-8D11-00A0C91BC942}") = "Topology", "Win32.vcxproj", "{BA26B2B9-214D-3AE1-9FB9-B2DBEA45A9A3}"
EndProject
Global
	GlobalSection(SolutionConfigurationPlatforms) = preSolution
		Debug|Win32 = Debug|Win32
		Release|Win32 = Release|Win32
	EndGlobalSection
	GlobalSection(ProjectConfigurationPlatforms) = postSolution
		{BA26B2B9-214D-3AE1-9FB9-B2DBEA45A9A3}.Debug|Win32.ActiveCfg = Debug|Win32
		{BA26B2B9-214D-3AE1-9FB9-B2DBEA45A9A3}.Debug|Win32.Build.0 = Debug|Win32
		{BA26B2B9-214D-3AE1-9FB9-B2DBEA45A9A3}.Release|Win32.ActiveCfg = Release|Win32
		{BA26B2B9-214D-3AE1-9FB9-B2DBEA45A9A3}.Release|Win32.Build.0 = Release|Win32
	EndGlobalSection
	GlobalSection(SolutionProperties) = preSolution
		HideSolutionNode = FALSE
	EndGlobalSection
EndGlobal
