<?xml version="1.0" encoding="utf-8"?>
<Project ToolsVersion="4.0" xmlns="http://schemas.microsoft.com/developer/msbuild/2003">
  <ItemGroup>
    <Filter Include="Source Files">
      <UniqueIdentifier>{747deed9-cfb9-4205-b03a-d7543b6b5e1a}</UniqueIdentifier>
      <Extensions>cpp;c;cxx;def;odl;idl;hpj;bat;asm</Extensions>
    </Filter>
    <Filter Include="Header Files">
      <UniqueIdentifier>{fb0948f9-82ef-4343-a816-618346f16e8b}</UniqueIdentifier>
      <Extensions>h;hpp;hxx;hm;inl;inc</Extensions>
    </Filter>
    <Filter Include="Resource Files">
      <UniqueIdentifier>{b3b3a21a-2f40-4ca6-bf08-b5f89406def8}</UniqueIdentifier>
      <Extensions>rc;ico;cur;bmp;dlg;rc2;rct;bin;rgs;gif;jpg;jpeg;jpe</Extensions>
    </Filter>
  </ItemGroup>
  <ItemGroup>
    <ClCompile Include="..\DNSServices.c">
      <Filter>Source Files</Filter>
    </ClCompile>
    <ClCompile Include="..\mDNS.c">
      <Filter>Source Files</Filter>
    </ClCompile>
    <ClCompile Include="..\mDNSPlatform.c">
      <Filter>Source Files</Filter>
    </ClCompile>
    <ClCompile Include="..\mDNSServant.c">
      <Filter>Source Files</Filter>
    </ClCompile>
    <ClCompile Include="win32_mdns.c">
      <Filter>Source Files</Filter>
    </ClCompile>
  </ItemGroup>
  <ItemGroup>
    <ClInclude Include="..\DNSServices.h">
      <Filter>Header Files</Filter>
    </ClInclude>
    <ClInclude Include="..\mDNSClientAPI.h">
      <Filter>Header Files</Filter>
    </ClInclude>
    <ClInclude Include="..\mDNSDebug.h">
      <Filter>Header Files</Filter>
    </ClInclude>
    <ClInclude Include="..\mDNSPlatform.h">
      <Filter>Header Files</Filter>
    </ClInclude>
    <ClInclude Include="..\mDNSPlatformFunctions.h">
      <Filter>Header Files</Filter>
    </ClInclude>
    <ClInclude Include="..\mDNSServant.h">
      <Filter>Header Files</Filter>
    </ClInclude>
    <ClInclude Include="resource.h">
      <Filter>Header Files</Filter>
    </ClInclude>
    <ClInclude Include="win32_mdns.h">
      <Filter>Header Files</Filter>
    </ClInclude>
  </ItemGroup>
  <ItemGroup>
    <None Include="ReadMe.txt" />
  </ItemGroup>
</Project>