<?xml version="1.0" encoding="utf-8"?>
<Project ToolsVersion="4.0" xmlns="http://schemas.microsoft.com/developer/msbuild/2003">
  <ItemGroup>
    <Filter Include="Source Files">
      <UniqueIdentifier>{b2b32f67-659c-44f0-87f4-0f6567c62908}</UniqueIdentifier>
      <Extensions>cpp;c;cxx;rc;def;r;odl;idl;hpj;bat</Extensions>
    </Filter>
    <Filter Include="Header Files">
      <UniqueIdentifier>{3d501559-48f9-48e2-86e5-ed0728636302}</UniqueIdentifier>
      <Extensions>h;hpp;hxx;hm;inl</Extensions>
    </Filter>
    <Filter Include="Resource Files">
      <UniqueIdentifier>{f3d9bbda-04f3-4728-8042-13734edd0e12}</UniqueIdentifier>
      <Extensions>ico;cur;bmp;dlg;rc2;rct;bin;rgs;gif;jpg;jpeg;jpe</Extensions>
    </Filter>
  </ItemGroup>
  <ItemGroup>
    <ClCompile Include="..\DNSServices.c">
      <Filter>Source Files</Filter>
    </ClCompile>
    <ClCompile Include="..\mDNS.c">
      <Filter>Source Files</Filter>
    </ClCompile>
    <ClCompile Include="..\mDNSPlatform.c">
      <Filter>Source Files</Filter>
    </ClCompile>
    <ClCompile Include="..\mDNSServant.c">
      <Filter>Source Files</Filter>
    </ClCompile>
    <ClCompile Include="win32_mdns.c">
      <Filter>Source Files</Filter>
    </ClCompile>
  </ItemGroup>
  <ItemGroup>
    <ClInclude Include="..\DNSServices.h">
      <Filter>Header Files</Filter>
    </ClInclude>
    <ClInclude Include="..\mDNSClientAPI.h">
      <Filter>Header Files</Filter>
    </ClInclude>
    <ClInclude Include="..\mDNSDebug.h">
      <Filter>Header Files</Filter>
    </ClInclude>
    <ClInclude Include="..\mDNSPlatform.h">
      <Filter>Header Files</Filter>
    </ClInclude>
    <ClInclude Include="..\mDNSPlatformFunctions.h">
      <Filter>Header Files</Filter>
    </ClInclude>
    <ClInclude Include="resource.h">
      <Filter>Header Files</Filter>
    </ClInclude>
    <ClInclude Include="win32_mdns.h">
      <Filter>Header Files</Filter>
    </ClInclude>
  </ItemGroup>
  <ItemGroup>
    <ResourceCompile Include="mDNSResponder.rc">
      <Filter>Resource Files</Filter>
    </ResourceCompile>
  </ItemGroup>
</Project>