<?xml version="1.0" encoding="utf-8"?>
<Project ToolsVersion="4.0" xmlns="http://schemas.microsoft.com/developer/msbuild/2003">
  <ItemGroup>
    <Filter Include="Generated Files">
      <UniqueIdentifier>{71ED8ED8-ACB9-4CE9-BBE1-E00B30144E11}</UniqueIdentifier>
      <Extensions>cpp;c;cxx;moc;h;def;odl;idl;res;</Extensions>
    </Filter>
    <Filter Include="Generated Files">
      <UniqueIdentifier>{71ED8ED8-ACB9-4CE9-BBE1-E00B30144E11}</UniqueIdentifier>
      <Extensions>cpp;c;cxx;moc;h;def;odl;idl;res;</Extensions>
    </Filter>
    <Filter Include="Header Files">
      <UniqueIdentifier>{93995380-89BD-4b04-88EB-625FBE52EBFB}</UniqueIdentifier>
      <Extensions>h;hpp;hxx;hm;inl;inc;xsd</Extensions>
    </Filter>
    <Filter Include="Header Files">
      <UniqueIdentifier>{93995380-89BD-4b04-88EB-625FBE52EBFB}</UniqueIdentifier>
      <Extensions>h;hpp;hxx;hm;inl;inc;xsd</Extensions>
    </Filter>
    <Filter Include="Source Files">
      <UniqueIdentifier>{4FC737F1-C7A5-4376-A066-2A32D752A2FF}</UniqueIdentifier>
      <Extensions>cpp;c;cxx;def;odl;idl;hpj;bat;asm;asmx</Extensions>
    </Filter>
    <Filter Include="Source Files">
      <UniqueIdentifier>{4FC737F1-C7A5-4376-A066-2A32D752A2FF}</UniqueIdentifier>
      <Extensions>cpp;c;cxx;def;odl;idl;hpj;bat;asm;asmx</Extensions>
    </Filter>
    <Filter Include="Generated Files\Release">
      <UniqueIdentifier>{1addabcd-2343-4e49-9013-e0d092b088b6}</UniqueIdentifier>
      <Extensions>cpp;moc</Extensions>
      <SourceControlFiles>False</SourceControlFiles>
    </Filter>
    <Filter Include="Generated Files\Debug">
      <UniqueIdentifier>{1bf7972d-ec3f-4a6f-8ca5-12fa4e489f5d}</UniqueIdentifier>
      <Extensions>cpp;moc</Extensions>
      <SourceControlFiles>False</SourceControlFiles>
    </Filter>
  </ItemGroup>
  <ItemGroup>
    <ClCompile Include="..\topology\src\GenieHttp.cpp">
      <Filter>Source Files</Filter>
    </ClCompile>
    <ClCompile Include="..\topology\src\SvtAfpMethod.cpp">
      <Filter>Source Files</Filter>
    </ClCompile>
    <ClCompile Include="..\topology\src\SvtControlProxy.cpp">
      <Filter>Source Files</Filter>
    </ClCompile>
    <ClCompile Include="..\topology\src\SvtCore.cpp">
      <Filter>Source Files</Filter>
    </ClCompile>
    <ClCompile Include="..\topology\src\SvtNetbiosMethod.cpp">
      <Filter>Source Files</Filter>
    </ClCompile>
    <ClCompile Include="..\topology\src\netgear_info\SvtNetgearInfo.cpp">
      <Filter>Source Files</Filter>
    </ClCompile>
    <ClCompile Include="..\topology\src\SvtNetgearSpecificHelper.cpp">
      <Filter>Source Files</Filter>
    </ClCompile>
    <ClCompile Include="..\topology\src\SvtNetgearSpecificMethod.cpp">
      <Filter>Source Files</Filter>
    </ClCompile>
    <ClCompile Include="..\topology\src\SvtNetscanMethod.cpp">
      <Filter>Source Files</Filter>
    </ClCompile>
    <ClCompile Include="..\topology\src\SvtProgardThread.cpp">
      <Filter>Source Files</Filter>
    </ClCompile>
    <ClCompile Include="..\topology\src\SvtPuttyMethod.cpp">
      <Filter>Source Files</Filter>
    </ClCompile>
    <ClCompile Include="..\topology\src\SvtQtUtils.cpp">
      <Filter>Source Files</Filter>
    </ClCompile>
    <ClCompile Include="..\topology\src\SvtRdpMethod.cpp">
      <Filter>Source Files</Filter>
    </ClCompile>
    <ClCompile Include="..\topology\src\SvtRunnables.cpp">
      <Filter>Source Files</Filter>
    </ClCompile>
    <ClCompile Include="..\topology\src\SvtSeedFactory.cpp">
      <Filter>Source Files</Filter>
    </ClCompile>
    <ClCompile Include="..\topology\src\SvtThreadMother.cpp">
      <Filter>Source Files</Filter>
    </ClCompile>
    <ClCompile Include="..\topology\src\SvtTracer.cpp">
      <Filter>Source Files</Filter>
    </ClCompile>
    <ClCompile Include="..\topology\src\SvtUpnpHelper.cpp">
      <Filter>Source Files</Filter>
    </ClCompile>
    <ClCompile Include="..\topology\src\SvtUpnpMethod.cpp">
      <Filter>Source Files</Filter>
    </ClCompile>
    <ClCompile Include="Release\moc_GenieHttp.cpp">
      <Filter>Generated Files\Release</Filter>
    </ClCompile>
    <ClCompile Include="Debug\moc_GenieHttp.cpp">
      <Filter>Generated Files\Debug</Filter>
    </ClCompile>
    <ClCompile Include="Release\moc_SvtControlProxy.cpp">
      <Filter>Generated Files\Release</Filter>
    </ClCompile>
    <ClCompile Include="Debug\moc_SvtControlProxy.cpp">
      <Filter>Generated Files\Debug</Filter>
    </ClCompile>
    <ClCompile Include="Release\moc_SvtNetgearInfo.cpp">
      <Filter>Generated Files\Release</Filter>
    </ClCompile>
    <ClCompile Include="Debug\moc_SvtNetgearInfo.cpp">
      <Filter>Generated Files\Debug</Filter>
    </ClCompile>
    <ClCompile Include="Release\moc_SvtNetgearSpecificHelper.cpp">
      <Filter>Generated Files\Release</Filter>
    </ClCompile>
    <ClCompile Include="Debug\moc_SvtNetgearSpecificHelper.cpp">
      <Filter>Generated Files\Debug</Filter>
    </ClCompile>
    <ClCompile Include="Release\moc_SvtTracer.cpp">
      <Filter>Generated Files\Release</Filter>
    </ClCompile>
    <ClCompile Include="Debug\moc_SvtTracer.cpp">
      <Filter>Generated Files\Debug</Filter>
    </ClCompile>
    <ClCompile Include="Release\moc_SvtUpnpHelper.cpp">
      <Filter>Generated Files\Release</Filter>
    </ClCompile>
    <ClCompile Include="Debug\moc_SvtUpnpHelper.cpp">
      <Filter>Generated Files\Debug</Filter>
    </ClCompile>
  </ItemGroup>
  <ItemGroup>
    <CustomBuild Include="..\topology\src\GenieHttp.h">
      <Filter>Header Files</Filter>
    </CustomBuild>
    <ClInclude Include="..\topology\src\SvtAfpMethod.h">
      <Filter>Header Files</Filter>
    </ClInclude>
    <ClInclude Include="..\topology\src\SvtAvlTree.h">
      <Filter>Header Files</Filter>
    </ClInclude>
    <CustomBuild Include="..\topology\src\SvtControlProxy.h">
      <Filter>Header Files</Filter>
    </CustomBuild>
    <ClInclude Include="..\topology\src\SvtCore.h">
      <Filter>Header Files</Filter>
    </ClInclude>
    <ClInclude Include="..\topology\src\SvtList.h">
      <Filter>Header Files</Filter>
    </ClInclude>
    <ClInclude Include="..\topology\src\SvtNetbiosMethod.h">
      <Filter>Header Files</Filter>
    </ClInclude>
    <CustomBuild Include="..\topology\src\netgear_info\SvtNetgearInfo.h">
      <Filter>Header Files</Filter>
    </CustomBuild>
    <CustomBuild Include="..\topology\src\SvtNetgearSpecificHelper.h">
      <Filter>Header Files</Filter>
    </CustomBuild>
    <ClInclude Include="..\topology\src\SvtNetgearSpecificMethod.h">
      <Filter>Header Files</Filter>
    </ClInclude>
    <ClInclude Include="..\topology\src\SvtNetscanMethod.h">
      <Filter>Header Files</Filter>
    </ClInclude>
    <ClInclude Include="..\SvtNetworkTool\SvtNetworkTool.h">
      <Filter>Header Files</Filter>
    </ClInclude>
    <ClInclude Include="..\topology\src\SvtProgardThread.h">
      <Filter>Header Files</Filter>
    </ClInclude>
    <ClInclude Include="..\topology\src\SvtPuttyMethod.h">
      <Filter>Header Files</Filter>
    </ClInclude>
    <ClInclude Include="..\topology\src\SvtQtUtils.h">
      <Filter>Header Files</Filter>
    </ClInclude>
    <ClInclude Include="..\topology\src\SvtRdpMethod.h">
      <Filter>Header Files</Filter>
    </ClInclude>
    <ClInclude Include="..\topology\src\SvtReferences.h">
      <Filter>Header Files</Filter>
    </ClInclude>
    <ClInclude Include="..\topology\src\SvtRunnables.h">
      <Filter>Header Files</Filter>
    </ClInclude>
    <ClInclude Include="..\topology\src\SvtSeedFactory.h">
      <Filter>Header Files</Filter>
    </ClInclude>
    <ClInclude Include="..\topology\src\SvtThreadMother.h">
      <Filter>Header Files</Filter>
    </ClInclude>
    <CustomBuild Include="..\topology\src\SvtTracer.h">
      <Filter>Header Files</Filter>
    </CustomBuild>
    <CustomBuild Include="..\topology\src\SvtUpnpHelper.h">
      <Filter>Header Files</Filter>
    </CustomBuild>
    <ClInclude Include="..\topology\src\SvtUpnpMethod.h">
      <Filter>Header Files</Filter>
    </ClInclude>
    <ClInclude Include="..\topology\src\defines.h">
      <Filter>Header Files</Filter>
    </ClInclude>
    <ClInclude Include="..\topology\inc\topology.h">
      <Filter>Header Files</Filter>
    </ClInclude>
  </ItemGroup>
</Project>