<?xml version="1.0" encoding="utf-8"?>
<Project ToolsVersion="4.0" xmlns="http://schemas.microsoft.com/developer/msbuild/2003">
  <ItemGroup>
    <Filter Include="Source Files">
      <UniqueIdentifier>{6c20a324-995e-48d8-949f-08dc7b4aa1aa}</UniqueIdentifier>
      <Extensions>cpp;c;cxx;def;odl;idl;hpj;bat;asm</Extensions>
    </Filter>
    <Filter Include="Header Files">
      <UniqueIdentifier>{9cb9aeb6-96e8-4715-bfd6-9f6b71c70435}</UniqueIdentifier>
      <Extensions>h;hpp;hxx;hm;inl;inc</Extensions>
    </Filter>
    <Filter Include="Resource Files">
      <UniqueIdentifier>{dc17afbc-b5b0-43e8-8b46-429af23d57c4}</UniqueIdentifier>
      <Extensions>rc;ico;cur;bmp;dlg;rc2;rct;bin;rgs;gif;jpg;jpeg;jpe</Extensions>
    </Filter>
  </ItemGroup>
  <ItemGroup>
    <ClCompile Include="..\address.c">
      <Filter>Source Files</Filter>
    </ClCompile>
    <ClCompile Include="..\buffer.c">
      <Filter>Source Files</Filter>
    </ClCompile>
    <ClCompile Include="..\channel.c">
      <Filter>Source Files</Filter>
    </ClCompile>
    <ClCompile Include="..\debug.c">
      <Filter>Source Files</Filter>
    </ClCompile>
    <ClCompile Include="..\discovery.c">
      <Filter>Source Files</Filter>
    </ClCompile>
    <ClCompile Include="..\interface.c">
      <Filter>Source Files</Filter>
    </ClCompile>
    <ClCompile Include="..\ior.c">
      <Filter>Source Files</Filter>
    </ClCompile>
    <ClCompile Include="..\message.c">
      <Filter>Source Files</Filter>
    </ClCompile>
    <ClCompile Include="..\NotOSX\notosx_mdns_stub.c">
      <Filter>Source Files</Filter>
    </ClCompile>
    <ClCompile Include="..\object.c">
      <Filter>Source Files</Filter>
    </ClCompile>
    <ClCompile Include="..\orb.c">
      <Filter>Source Files</Filter>
    </ClCompile>
    <ClCompile Include="..\platform.c">
      <Filter>Source Files</Filter>
    </ClCompile>
    <ClCompile Include="..\profile.c">
      <Filter>Source Files</Filter>
    </ClCompile>
    <ClCompile Include="..\salt.c">
      <Filter>Source Files</Filter>
    </ClCompile>
    <ClCompile Include="..\signal.c">
      <Filter>Source Files</Filter>
    </ClCompile>
    <ClCompile Include="..\socket.c">
      <Filter>Source Files</Filter>
    </ClCompile>
    <ClCompile Include="..\text_record.c">
      <Filter>Source Files</Filter>
    </ClCompile>
    <ClCompile Include="..\time.c">
      <Filter>Source Files</Filter>
    </ClCompile>
    <ClCompile Include="win32_interface.c">
      <Filter>Source Files</Filter>
    </ClCompile>
    <ClCompile Include="win32_salt.c">
      <Filter>Source Files</Filter>
    </ClCompile>
    <ClCompile Include="win32_socket.c">
      <Filter>Source Files</Filter>
    </ClCompile>
    <ClCompile Include="win32_time.c">
      <Filter>Source Files</Filter>
    </ClCompile>
  </ItemGroup>
  <ItemGroup>
    <ClInclude Include="..\buffer_i.h">
      <Filter>Header Files</Filter>
    </ClInclude>
    <ClInclude Include="..\channel_i.h">
      <Filter>Header Files</Filter>
    </ClInclude>
    <ClInclude Include="..\..\..\..\include\salt\debug.h">
      <Filter>Header Files</Filter>
    </ClInclude>
    <ClInclude Include="..\..\..\..\include\discovery\discovery.h">
      <Filter>Header Files</Filter>
    </ClInclude>
    <ClInclude Include="discovery_i.h">
      <Filter>Header Files</Filter>
    </ClInclude>
    <ClInclude Include="interface_i.h">
      <Filter>Header Files</Filter>
    </ClInclude>
    <ClInclude Include="ior.h">
      <Filter>Header Files</Filter>
    </ClInclude>
    <ClInclude Include="message_i.h">
      <Filter>Header Files</Filter>
    </ClInclude>
    <ClInclude Include="..\NotOSX\notosx_mdns_stub.h">
      <Filter>Header Files</Filter>
    </ClInclude>
    <ClInclude Include="..\object_i.h">
      <Filter>Header Files</Filter>
    </ClInclude>
    <ClInclude Include="..\orb_i.h">
      <Filter>Header Files</Filter>
    </ClInclude>
    <ClInclude Include="..\..\..\..\include\salt\platform.h">
      <Filter>Header Files</Filter>
    </ClInclude>
    <ClInclude Include="..\profile.h">
      <Filter>Header Files</Filter>
    </ClInclude>
    <ClInclude Include="resource.h">
      <Filter>Header Files</Filter>
    </ClInclude>
    <ClInclude Include="..\salt_i.h">
      <Filter>Header Files</Filter>
    </ClInclude>
    <ClInclude Include="..\signal_i.h">
      <Filter>Header Files</Filter>
    </ClInclude>
    <ClInclude Include="..\socket_i.h">
      <Filter>Header Files</Filter>
    </ClInclude>
    <ClInclude Include="..\..\..\..\include\discovery\text_record.h">
      <Filter>Header Files</Filter>
    </ClInclude>
    <ClInclude Include="..\text_record_i.h">
      <Filter>Header Files</Filter>
    </ClInclude>
    <ClInclude Include="..\time_i.h">
      <Filter>Header Files</Filter>
    </ClInclude>
    <ClInclude Include="..\tlist.h">
      <Filter>Header Files</Filter>
    </ClInclude>
    <ClInclude Include="win32_interface.h">
      <Filter>Header Files</Filter>
    </ClInclude>
    <ClInclude Include="win32_mdns.h">
      <Filter>Header Files</Filter>
    </ClInclude>
    <ClInclude Include="win32_salt.h">
      <Filter>Header Files</Filter>
    </ClInclude>
    <ClInclude Include="win32_socket.h">
      <Filter>Header Files</Filter>
    </ClInclude>
    <ClInclude Include="win32_time.h">
      <Filter>Header Files</Filter>
    </ClInclude>
  </ItemGroup>
  <ItemGroup>
    <None Include="ReadMe.txt" />
  </ItemGroup>
</Project>